// !$*UTF8*$!
{
	archiveVersion = 1;
	classes = {
	};
	objectVersion = 55;
	objects = {

/* Begin PBXBuildFile section */
		860624752AF34344006B04A8 /* KeyCenter.swift in Sources */ = {isa = PBXBuildFile; fileRef = 860624742AF34344006B04A8 /* KeyCenter.swift */; };
		864697212B5E470C008B3005 /* Toast in Frameworks */ = {isa = PBXBuildFile; productRef = 864697202B5E470C008B3005 /* Toast */; };
		864697242B5E472C008B3005 /* ZegoExpressEngine in Frameworks */ = {isa = PBXBuildFile; productRef = 864697232B5E472C008B3005 /* ZegoExpressEngine */; };
		864697272B5E474A008B3005 /* ZIM in Frameworks */ = {isa = PBXBuildFile; productRef = 864697262B5E474A008B3005 /* ZIM */; };
		868F03132B359B3F0088CEC1 /* ZegoCallManagerInterface.swift in Sources */ = {isa = PBXBuildFile; fileRef = 868F03112B359B3F0088CEC1 /* ZegoCallManagerInterface.swift */; };
		868F03142B359B3F0088CEC1 /* ZegoCallManager+EventHandler.swift in Sources */ = {isa = PBXBuildFile; fileRef = 868F03122B359B3F0088CEC1 /* ZegoCallManager+EventHandler.swift */; };
		868F03162B359B550088CEC1 /* ZegoCallExtendedData.swift in Sources */ = {isa = PBXBuildFile; fileRef = 868F03152B359B550088CEC1 /* ZegoCallExtendedData.swift */; };
		868F031A2B359B9D0088CEC1 /* OneOnOneCallViewController.swift in Sources */ = {isa = PBXBuildFile; fileRef = 868F03172B359B9D0088CEC1 /* OneOnOneCallViewController.swift */; };
		868F031B2B359B9D0088CEC1 /* OneOnOneCallViewController.xib in Resources */ = {isa = PBXBuildFile; fileRef = 868F03182B359B9D0088CEC1 /* OneOnOneCallViewController.xib */; };
		868F031C2B359B9D0088CEC1 /* GroupCallViewController.swift in Sources */ = {isa = PBXBuildFile; fileRef = 868F03192B359B9D0088CEC1 /* GroupCallViewController.swift */; };
		868F031E2B359BBA0088CEC1 /* GroupCallViewController.xib in Resources */ = {isa = PBXBuildFile; fileRef = 868F031D2B359BBA0088CEC1 /* GroupCallViewController.xib */; };
		86AEB25029FB741400DA4BF3 /* ZIMService.swift in Sources */ = {isa = PBXBuildFile; fileRef = 86AEB24F29FB741400DA4BF3 /* ZIMService.swift */; };
		86AEB25629FBA55200DA4BF3 /* ZIMService+UserRequest.swift in Sources */ = {isa = PBXBuildFile; fileRef = 86AEB25529FBA55200DA4BF3 /* ZIMService+UserRequest.swift */; };
		86DE8E232B0466F400B1C4B8 /* PKBattleMixView.swift in Sources */ = {isa = PBXBuildFile; fileRef = 86DE8E1D2B0466F400B1C4B8 /* PKBattleMixView.swift */; };
		86DE8E242B0466F400B1C4B8 /* PKBattleViewContainer.swift in Sources */ = {isa = PBXBuildFile; fileRef = 86DE8E1E2B0466F400B1C4B8 /* PKBattleViewContainer.swift */; };
		86DE8E252B0466F400B1C4B8 /* PKButton.swift in Sources */ = {isa = PBXBuildFile; fileRef = 86DE8E1F2B0466F400B1C4B8 /* PKButton.swift */; };
		86DE8E262B0466F400B1C4B8 /* PKConnectingView.swift in Sources */ = {isa = PBXBuildFile; fileRef = 86DE8E202B0466F400B1C4B8 /* PKConnectingView.swift */; };
		86DE8E272B0466F400B1C4B8 /* PKForegroundView.swift in Sources */ = {isa = PBXBuildFile; fileRef = 86DE8E212B0466F400B1C4B8 /* PKForegroundView.swift */; };
		86DE8E282B0466F400B1C4B8 /* PKBattleView.swift in Sources */ = {isa = PBXBuildFile; fileRef = 86DE8E222B0466F400B1C4B8 /* PKBattleView.swift */; };
		86DE8E2A2B04671700B1C4B8 /* ZegoLiveStreamingManager+ExpressEventHandler.swift in Sources */ = {isa = PBXBuildFile; fileRef = 86DE8E292B04671700B1C4B8 /* ZegoLiveStreamingManager+ExpressEventHandler.swift */; };
		86DE8E2D2B04686A00B1C4B8 /* String+Extension.swift in Sources */ = {isa = PBXBuildFile; fileRef = 86DE8E2B2B04686A00B1C4B8 /* String+Extension.swift */; };
		86DE8E2E2B04686A00B1C4B8 /* Array+Extension.swift in Sources */ = {isa = PBXBuildFile; fileRef = 86DE8E2C2B04686A00B1C4B8 /* Array+Extension.swift */; };
		86DE8E312B04695800B1C4B8 /* CoHostContainerView.swift in Sources */ = {isa = PBXBuildFile; fileRef = 86DE8E2F2B04695800B1C4B8 /* CoHostContainerView.swift */; };
		86DE8E322B04695800B1C4B8 /* CoHostViewModel.swift in Sources */ = {isa = PBXBuildFile; fileRef = 86DE8E302B04695800B1C4B8 /* CoHostViewModel.swift */; };
		86DE8E352B046A9000B1C4B8 /* PKService+ExpressEventHandler.swift in Sources */ = {isa = PBXBuildFile; fileRef = 86DE8E332B046A8F00B1C4B8 /* PKService+ExpressEventHandler.swift */; };
		86DE8E362B046A9000B1C4B8 /* PKService+ZIMEventHandler.swift in Sources */ = {isa = PBXBuildFile; fileRef = 86DE8E342B046A9000B1C4B8 /* PKService+ZIMEventHandler.swift */; };
		8E1B926029DACBF00097C9ED /* ExpressServiceDelegate.swift in Sources */ = {isa = PBXBuildFile; fileRef = 8E1B925F29DACBF00097C9ED /* ExpressServiceDelegate.swift */; };
		8E1B926229DACEAF0097C9ED /* ExpressService+Stream.swift in Sources */ = {isa = PBXBuildFile; fileRef = 8E1B926129DACEAF0097C9ED /* ExpressService+Stream.swift */; };
		8E1B926429DACEE00097C9ED /* ExpressService+Device.swift in Sources */ = {isa = PBXBuildFile; fileRef = 8E1B926329DACEE00097C9ED /* ExpressService+Device.swift */; };
		8E1B926629DAD0160097C9ED /* ExpressService+Room.swift in Sources */ = {isa = PBXBuildFile; fileRef = 8E1B926529DAD0160097C9ED /* ExpressService+Room.swift */; };
		8E1B926829DAD2CF0097C9ED /* ExpressService+EventHandler.swift in Sources */ = {isa = PBXBuildFile; fileRef = 8E1B926729DAD2CF0097C9ED /* ExpressService+EventHandler.swift */; };
		8E1B926B29DBD1260097C9ED /* VideoView.swift in Sources */ = {isa = PBXBuildFile; fileRef = 8E1B926A29DBD1250097C9ED /* VideoView.swift */; };
		8E1B928F29DE6D900097C9ED /* Dictionary+Extension.swift in Sources */ = {isa = PBXBuildFile; fileRef = 8E1B928E29DE6D900097C9ED /* Dictionary+Extension.swift */; };
		8E1B929129DE6FEC0097C9ED /* ServiceDefines.swift in Sources */ = {isa = PBXBuildFile; fileRef = 8E1B929029DE6FEC0097C9ED /* ServiceDefines.swift */; };
		8E3034852A6E75A400B77973 /* ZIMServiceDelegate.swift in Sources */ = {isa = PBXBuildFile; fileRef = 8E3034842A6E75A400B77973 /* ZIMServiceDelegate.swift */; };
		8E3034872A6E75B700B77973 /* RoomRequest.swift in Sources */ = {isa = PBXBuildFile; fileRef = 8E3034862A6E75B700B77973 /* RoomRequest.swift */; };
		8E3034892A6E7AFF00B77973 /* ZIMService+RoomRequest.swift in Sources */ = {isa = PBXBuildFile; fileRef = 8E3034882A6E7AFF00B77973 /* ZIMService+RoomRequest.swift */; };
		8E30348C2A6FBB8700B77973 /* ExpressService+Mixer.swift in Sources */ = {isa = PBXBuildFile; fileRef = 8E30348A2A6FBB8700B77973 /* ExpressService+Mixer.swift */; };
		8E30348D2A6FBB8700B77973 /* ExpressService+SEI.swift in Sources */ = {isa = PBXBuildFile; fileRef = 8E30348B2A6FBB8700B77973 /* ExpressService+SEI.swift */; };
		8E30349B2A6FBCF600B77973 /* PKDefines.swift in Sources */ = {isa = PBXBuildFile; fileRef = 8E3034902A6FBCF600B77973 /* PKDefines.swift */; };
		8E30349C2A6FBCF600B77973 /* PKInvitation.swift in Sources */ = {isa = PBXBuildFile; fileRef = 8E3034912A6FBCF600B77973 /* PKInvitation.swift */; };
		8E30349D2A6FBCF600B77973 /* PKService.swift in Sources */ = {isa = PBXBuildFile; fileRef = 8E3034922A6FBCF600B77973 /* PKService.swift */; };
		8E30349E2A6FBCF600B77973 /* CoHostService.swift in Sources */ = {isa = PBXBuildFile; fileRef = 8E3034942A6FBCF600B77973 /* CoHostService.swift */; };
		8E30349F2A6FBCF600B77973 /* ZegoCallDataModel.swift in Sources */ = {isa = PBXBuildFile; fileRef = 8E3034962A6FBCF600B77973 /* ZegoCallDataModel.swift */; };
		8E3034A02A6FBCF600B77973 /* RoomSeatService.swift in Sources */ = {isa = PBXBuildFile; fileRef = 8E3034982A6FBCF600B77973 /* RoomSeatService.swift */; };
		8E3034A12A6FBCF600B77973 /* ZegoLiveAudioRoomSeat.swift in Sources */ = {isa = PBXBuildFile; fileRef = 8E3034992A6FBCF600B77973 /* ZegoLiveAudioRoomSeat.swift */; };
		8E3034A22A6FBCF600B77973 /* ZegoLiveAudioRoomLayoutConfig.swift in Sources */ = {isa = PBXBuildFile; fileRef = 8E30349A2A6FBCF600B77973 /* ZegoLiveAudioRoomLayoutConfig.swift */; };
		8E3034A62A6FBEF200B77973 /* ZegoLiveAudioRoomManager.swift in Sources */ = {isa = PBXBuildFile; fileRef = 8E3034A32A6FBEF100B77973 /* ZegoLiveAudioRoomManager.swift */; };
		8E3034A72A6FBEF200B77973 /* ZegoLiveStreamingManager.swift in Sources */ = {isa = PBXBuildFile; fileRef = 8E3034A42A6FBEF100B77973 /* ZegoLiveStreamingManager.swift */; };
		8E3034A82A6FBEF200B77973 /* ZegoCallManager.swift in Sources */ = {isa = PBXBuildFile; fileRef = 8E3034A52A6FBEF200B77973 /* ZegoCallManager.swift */; };
		8E3034AC2A6FC07B00B77973 /* CoHostTableViewCell.xib in Resources */ = {isa = PBXBuildFile; fileRef = 8E3034AA2A6FC07B00B77973 /* CoHostTableViewCell.xib */; };
		8E3034AD2A6FC07B00B77973 /* CoHostTableViewCell.swift in Sources */ = {isa = PBXBuildFile; fileRef = 8E3034AB2A6FC07B00B77973 /* CoHostTableViewCell.swift */; };
		8E3034AF2A6FC09700B77973 /* ZegoSeatView.swift in Sources */ = {isa = PBXBuildFile; fileRef = 8E3034AE2A6FC09700B77973 /* ZegoSeatView.swift */; };
		8E3034B12A6FC72000B77973 /* CallService.swift in Sources */ = {isa = PBXBuildFile; fileRef = 8E3034B02A6FC72000B77973 /* CallService.swift */; };
		8E3034B32A6FE9A600B77973 /* ApplyCoHostListViewController.swift in Sources */ = {isa = PBXBuildFile; fileRef = 8E3034B22A6FE9A600B77973 /* ApplyCoHostListViewController.swift */; };
		8E3034B52A6FEA7300B77973 /* UIImageView+Extension.swift in Sources */ = {isa = PBXBuildFile; fileRef = 8E3034B42A6FEA7300B77973 /* UIImageView+Extension.swift */; };
		8E318D7029D573D4001596F3 /* AppDelegate.swift in Sources */ = {isa = PBXBuildFile; fileRef = 8E318D6F29D573D4001596F3 /* AppDelegate.swift */; };
		8E318D7229D573D4001596F3 /* SceneDelegate.swift in Sources */ = {isa = PBXBuildFile; fileRef = 8E318D7129D573D4001596F3 /* SceneDelegate.swift */; };
		8E318D7429D573D4001596F3 /* LoginViewController.swift in Sources */ = {isa = PBXBuildFile; fileRef = 8E318D7329D573D4001596F3 /* LoginViewController.swift */; };
		8E318D7729D573D4001596F3 /* Main.storyboard in Resources */ = {isa = PBXBuildFile; fileRef = 8E318D7529D573D4001596F3 /* Main.storyboard */; };
		8E318D7929D573D5001596F3 /* Assets.xcassets in Resources */ = {isa = PBXBuildFile; fileRef = 8E318D7829D573D5001596F3 /* Assets.xcassets */; };
		8E318D7C29D573D5001596F3 /* LaunchScreen.storyboard in Resources */ = {isa = PBXBuildFile; fileRef = 8E318D7A29D573D5001596F3 /* LaunchScreen.storyboard */; };
		8E318D8A29D5802F001596F3 /* Utils.swift in Sources */ = {isa = PBXBuildFile; fileRef = 8E318D8929D5802F001596F3 /* Utils.swift */; };
		8E318D8C29D586D6001596F3 /* HomeViewController.swift in Sources */ = {isa = PBXBuildFile; fileRef = 8E318D8B29D586D6001596F3 /* HomeViewController.swift */; };
		8E4DD6712A5FA37D00E0B5BE /* ZegoEffectsService+Extension.swift in Sources */ = {isa = PBXBuildFile; fileRef = 8E4DD6702A5FA37D00E0B5BE /* ZegoEffectsService+Extension.swift */; };
		8E4DD6732A5FF02400E0B5BE /* BeautyResources in Resources */ = {isa = PBXBuildFile; fileRef = 8E4DD6722A5FF02400E0B5BE /* BeautyResources */; };
		8E7CB8CC2A556335004849EF /* ZIMService+Room.swift in Sources */ = {isa = PBXBuildFile; fileRef = 8E7CB8CB2A556335004849EF /* ZIMService+Room.swift */; };
		8E7CB8CE2A5563FF004849EF /* ZIMService+Avatar.swift in Sources */ = {isa = PBXBuildFile; fileRef = 8E7CB8CD2A5563FF004849EF /* ZIMService+Avatar.swift */; };
		8E7CB8D62A56967B004849EF /* CallingViewController.xib in Resources */ = {isa = PBXBuildFile; fileRef = 8E7CB8D12A56967B004849EF /* CallingViewController.xib */; };
		8E7CB8D72A56967B004849EF /* CallingViewController.swift in Sources */ = {isa = PBXBuildFile; fileRef = 8E7CB8D22A56967B004849EF /* CallingViewController.swift */; };
		8E7CB8D82A56967B004849EF /* CallWaitingViewController.swift in Sources */ = {isa = PBXBuildFile; fileRef = 8E7CB8D32A56967B004849EF /* CallWaitingViewController.swift */; };
		8E7CB8D92A56967B004849EF /* CallWaitingViewController.xib in Resources */ = {isa = PBXBuildFile; fileRef = 8E7CB8D42A56967B004849EF /* CallWaitingViewController.xib */; };
		8E7CB8E22A569765004849EF /* ZegoIncomingCallDialog.swift in Sources */ = {isa = PBXBuildFile; fileRef = 8E7CB8E02A569765004849EF /* ZegoIncomingCallDialog.swift */; };
		8E7CB8E32A569765004849EF /* ZegoIncomingCallDialog.xib in Resources */ = {isa = PBXBuildFile; fileRef = 8E7CB8E12A569765004849EF /* ZegoIncomingCallDialog.xib */; };
		8E7CB8E72A56978E004849EF /* ZegoDefine.swift in Sources */ = {isa = PBXBuildFile; fileRef = 8E7CB8E42A56978E004849EF /* ZegoDefine.swift */; };
		8E7E12352A70FFCD00CA8791 /* LiveAudioRoomViewController.swift in Sources */ = {isa = PBXBuildFile; fileRef = 8E7E12342A70FFCD00CA8791 /* LiveAudioRoomViewController.swift */; };
		8E7E12372A7248E600CA8791 /* AppIDViewController.swift in Sources */ = {isa = PBXBuildFile; fileRef = 8E7E12362A7248E600CA8791 /* AppIDViewController.swift */; };
		8EAE31F029D6898E00305045 /* LiveStreamingViewController.swift in Sources */ = {isa = PBXBuildFile; fileRef = 8EAE31EF29D6898E00305045 /* LiveStreamingViewController.swift */; };
		8EAE31F229D6C3F800305045 /* ZegoSDKManager.swift in Sources */ = {isa = PBXBuildFile; fileRef = 8EAE31F129D6C3F800305045 /* ZegoSDKManager.swift */; };
		8EAE31F629D6C58700305045 /* ExpressService.swift in Sources */ = {isa = PBXBuildFile; fileRef = 8EAE31F529D6C58700305045 /* ExpressService.swift */; };
		8EAE31F929D6D78000305045 /* ZegoSDKUser.swift in Sources */ = {isa = PBXBuildFile; fileRef = 8EAE31F829D6D78000305045 /* ZegoSDKUser.swift */; };
		8EBB674C2A05FEAC00832D8D /* ZIMService+EventHandler.swift in Sources */ = {isa = PBXBuildFile; fileRef = 8EBB674B2A05FEAC00832D8D /* ZIMService+EventHandler.swift */; };
		8EBB67502A06020000832D8D /* ZegoEffectsService.swift in Sources */ = {isa = PBXBuildFile; fileRef = 8EBB674F2A06020000832D8D /* ZegoEffectsService.swift */; };
		8EBB67562A062DA500832D8D /* EffectsSDKHelper.swift in Sources */ = {isa = PBXBuildFile; fileRef = 8EBB67552A062DA500832D8D /* EffectsSDKHelper.swift */; };
		8EBB67592A0633D100832D8D /* BeautyType.swift in Sources */ = {isa = PBXBuildFile; fileRef = 8EBB67582A0633D100832D8D /* BeautyType.swift */; };
		8EBB675C2A0647BC00832D8D /* APIBase.swift in Sources */ = {isa = PBXBuildFile; fileRef = 8EBB675B2A0647BC00832D8D /* APIBase.swift */; };
		8EEE4BF82A0653DB0051F6B2 /* ExpressService+Process.swift in Sources */ = {isa = PBXBuildFile; fileRef = 8EEE4BF72A0653DB0051F6B2 /* ExpressService+Process.swift */; };
		8EEE4BFB2A08987D0051F6B2 /* BeautyAbility.swift in Sources */ = {isa = PBXBuildFile; fileRef = 8EEE4BFA2A08987D0051F6B2 /* BeautyAbility.swift */; };
		8EEE4BFD2A089FB90051F6B2 /* BeautyEditor.swift in Sources */ = {isa = PBXBuildFile; fileRef = 8EEE4BFC2A089FB90051F6B2 /* BeautyEditor.swift */; };
		8EEE4BFF2A08D78D0051F6B2 /* BeautyItem.swift in Sources */ = {isa = PBXBuildFile; fileRef = 8EEE4BFE2A08D78D0051F6B2 /* BeautyItem.swift */; };
		8EEE4C012A09F2030051F6B2 /* FaceBeautifyView.swift in Sources */ = {isa = PBXBuildFile; fileRef = 8EEE4C002A09F2030051F6B2 /* FaceBeautifyView.swift */; };
		8EEE4C032A09F8E20051F6B2 /* ZegoSlider.swift in Sources */ = {isa = PBXBuildFile; fileRef = 8EEE4C022A09F8E20051F6B2 /* ZegoSlider.swift */; };
		8EEE4C052A09F9A20051F6B2 /* UIColor+Hex.swift in Sources */ = {isa = PBXBuildFile; fileRef = 8EEE4C042A09F9A20051F6B2 /* UIColor+Hex.swift */; };
		8EEE4C072A0A296A0051F6B2 /* EffectBackgroundView.swift in Sources */ = {isa = PBXBuildFile; fileRef = 8EEE4C062A0A296A0051F6B2 /* EffectBackgroundView.swift */; };
		8EEE4C092A0A47240051F6B2 /* FaceBeautifyData.swift in Sources */ = {isa = PBXBuildFile; fileRef = 8EEE4C082A0A47240051F6B2 /* FaceBeautifyData.swift */; };
		8EEE4C0C2A0A48F20051F6B2 /* BeautyTitleCell.swift in Sources */ = {isa = PBXBuildFile; fileRef = 8EEE4C0B2A0A48F20051F6B2 /* BeautyTitleCell.swift */; };
		8EEE4C0E2A0B4B700051F6B2 /* BeautyItemCell.swift in Sources */ = {isa = PBXBuildFile; fileRef = 8EEE4C0D2A0B4B700051F6B2 /* BeautyItemCell.swift */; };
		CF2D85B3953C69B8CDA777D3 /* Pods_ZegoCloudSDKDemo.framework in Frameworks */ = {isa = PBXBuildFile; fileRef = 2F397B0136CD337546B1B0F6 /* Pods_ZegoCloudSDKDemo.framework */; };
/* End PBXBuildFile section */

/* Begin PBXFileReference section */
		217DD8A8123CE75AC7257A41 /* Pods-ZegoCloudSDKDemo.debug.xcconfig */ = {isa = PBXFileReference; includeInIndex = 1; lastKnownFileType = text.xcconfig; name = "Pods-ZegoCloudSDKDemo.debug.xcconfig"; path = "Target Support Files/Pods-ZegoCloudSDKDemo/Pods-ZegoCloudSDKDemo.debug.xcconfig"; sourceTree = "<group>"; };
		2F397B0136CD337546B1B0F6 /* Pods_ZegoCloudSDKDemo.framework */ = {isa = PBXFileReference; explicitFileType = wrapper.framework; includeInIndex = 0; path = Pods_ZegoCloudSDKDemo.framework; sourceTree = BUILT_PRODUCTS_DIR; };
		860624742AF34344006B04A8 /* KeyCenter.swift */ = {isa = PBXFileReference; lastKnownFileType = sourcecode.swift; path = KeyCenter.swift; sourceTree = "<group>"; };
		868F03112B359B3F0088CEC1 /* ZegoCallManagerInterface.swift */ = {isa = PBXFileReference; fileEncoding = 4; lastKnownFileType = sourcecode.swift; path = ZegoCallManagerInterface.swift; sourceTree = "<group>"; };
		868F03122B359B3F0088CEC1 /* ZegoCallManager+EventHandler.swift */ = {isa = PBXFileReference; fileEncoding = 4; lastKnownFileType = sourcecode.swift; path = "ZegoCallManager+EventHandler.swift"; sourceTree = "<group>"; };
		868F03152B359B550088CEC1 /* ZegoCallExtendedData.swift */ = {isa = PBXFileReference; fileEncoding = 4; lastKnownFileType = sourcecode.swift; path = ZegoCallExtendedData.swift; sourceTree = "<group>"; };
		868F03172B359B9D0088CEC1 /* OneOnOneCallViewController.swift */ = {isa = PBXFileReference; fileEncoding = 4; lastKnownFileType = sourcecode.swift; path = OneOnOneCallViewController.swift; sourceTree = "<group>"; };
		868F03182B359B9D0088CEC1 /* OneOnOneCallViewController.xib */ = {isa = PBXFileReference; fileEncoding = 4; lastKnownFileType = file.xib; path = OneOnOneCallViewController.xib; sourceTree = "<group>"; };
		868F03192B359B9D0088CEC1 /* GroupCallViewController.swift */ = {isa = PBXFileReference; fileEncoding = 4; lastKnownFileType = sourcecode.swift; path = GroupCallViewController.swift; sourceTree = "<group>"; };
		868F031D2B359BBA0088CEC1 /* GroupCallViewController.xib */ = {isa = PBXFileReference; fileEncoding = 4; lastKnownFileType = file.xib; path = GroupCallViewController.xib; sourceTree = "<group>"; };
		86AEB24F29FB741400DA4BF3 /* ZIMService.swift */ = {isa = PBXFileReference; lastKnownFileType = sourcecode.swift; path = ZIMService.swift; sourceTree = "<group>"; };
		86AEB25529FBA55200DA4BF3 /* ZIMService+UserRequest.swift */ = {isa = PBXFileReference; lastKnownFileType = sourcecode.swift; path = "ZIMService+UserRequest.swift"; sourceTree = "<group>"; };
		86DE8E1D2B0466F400B1C4B8 /* PKBattleMixView.swift */ = {isa = PBXFileReference; fileEncoding = 4; lastKnownFileType = sourcecode.swift; path = PKBattleMixView.swift; sourceTree = "<group>"; };
		86DE8E1E2B0466F400B1C4B8 /* PKBattleViewContainer.swift */ = {isa = PBXFileReference; fileEncoding = 4; lastKnownFileType = sourcecode.swift; path = PKBattleViewContainer.swift; sourceTree = "<group>"; };
		86DE8E1F2B0466F400B1C4B8 /* PKButton.swift */ = {isa = PBXFileReference; fileEncoding = 4; lastKnownFileType = sourcecode.swift; path = PKButton.swift; sourceTree = "<group>"; };
		86DE8E202B0466F400B1C4B8 /* PKConnectingView.swift */ = {isa = PBXFileReference; fileEncoding = 4; lastKnownFileType = sourcecode.swift; path = PKConnectingView.swift; sourceTree = "<group>"; };
		86DE8E212B0466F400B1C4B8 /* PKForegroundView.swift */ = {isa = PBXFileReference; fileEncoding = 4; lastKnownFileType = sourcecode.swift; path = PKForegroundView.swift; sourceTree = "<group>"; };
		86DE8E222B0466F400B1C4B8 /* PKBattleView.swift */ = {isa = PBXFileReference; fileEncoding = 4; lastKnownFileType = sourcecode.swift; path = PKBattleView.swift; sourceTree = "<group>"; };
		86DE8E292B04671700B1C4B8 /* ZegoLiveStreamingManager+ExpressEventHandler.swift */ = {isa = PBXFileReference; fileEncoding = 4; lastKnownFileType = sourcecode.swift; path = "ZegoLiveStreamingManager+ExpressEventHandler.swift"; sourceTree = "<group>"; };
		86DE8E2B2B04686A00B1C4B8 /* String+Extension.swift */ = {isa = PBXFileReference; fileEncoding = 4; lastKnownFileType = sourcecode.swift; path = "String+Extension.swift"; sourceTree = "<group>"; };
		86DE8E2C2B04686A00B1C4B8 /* Array+Extension.swift */ = {isa = PBXFileReference; fileEncoding = 4; lastKnownFileType = sourcecode.swift; path = "Array+Extension.swift"; sourceTree = "<group>"; };
		86DE8E2F2B04695800B1C4B8 /* CoHostContainerView.swift */ = {isa = PBXFileReference; fileEncoding = 4; lastKnownFileType = sourcecode.swift; path = CoHostContainerView.swift; sourceTree = "<group>"; };
		86DE8E302B04695800B1C4B8 /* CoHostViewModel.swift */ = {isa = PBXFileReference; fileEncoding = 4; lastKnownFileType = sourcecode.swift; path = CoHostViewModel.swift; sourceTree = "<group>"; };
		86DE8E332B046A8F00B1C4B8 /* PKService+ExpressEventHandler.swift */ = {isa = PBXFileReference; fileEncoding = 4; lastKnownFileType = sourcecode.swift; path = "PKService+ExpressEventHandler.swift"; sourceTree = "<group>"; };
		86DE8E342B046A9000B1C4B8 /* PKService+ZIMEventHandler.swift */ = {isa = PBXFileReference; fileEncoding = 4; lastKnownFileType = sourcecode.swift; path = "PKService+ZIMEventHandler.swift"; sourceTree = "<group>"; };
		8E1B925F29DACBF00097C9ED /* ExpressServiceDelegate.swift */ = {isa = PBXFileReference; lastKnownFileType = sourcecode.swift; path = ExpressServiceDelegate.swift; sourceTree = "<group>"; };
		8E1B926129DACEAF0097C9ED /* ExpressService+Stream.swift */ = {isa = PBXFileReference; lastKnownFileType = sourcecode.swift; path = "ExpressService+Stream.swift"; sourceTree = "<group>"; };
		8E1B926329DACEE00097C9ED /* ExpressService+Device.swift */ = {isa = PBXFileReference; lastKnownFileType = sourcecode.swift; path = "ExpressService+Device.swift"; sourceTree = "<group>"; };
		8E1B926529DAD0160097C9ED /* ExpressService+Room.swift */ = {isa = PBXFileReference; lastKnownFileType = sourcecode.swift; path = "ExpressService+Room.swift"; sourceTree = "<group>"; };
		8E1B926729DAD2CF0097C9ED /* ExpressService+EventHandler.swift */ = {isa = PBXFileReference; lastKnownFileType = sourcecode.swift; path = "ExpressService+EventHandler.swift"; sourceTree = "<group>"; };
		8E1B926A29DBD1250097C9ED /* VideoView.swift */ = {isa = PBXFileReference; lastKnownFileType = sourcecode.swift; path = VideoView.swift; sourceTree = "<group>"; };
		8E1B928E29DE6D900097C9ED /* Dictionary+Extension.swift */ = {isa = PBXFileReference; fileEncoding = 4; lastKnownFileType = sourcecode.swift; path = "Dictionary+Extension.swift"; sourceTree = "<group>"; };
		8E1B929029DE6FEC0097C9ED /* ServiceDefines.swift */ = {isa = PBXFileReference; lastKnownFileType = sourcecode.swift; path = ServiceDefines.swift; sourceTree = "<group>"; };
		8E3034842A6E75A400B77973 /* ZIMServiceDelegate.swift */ = {isa = PBXFileReference; fileEncoding = 4; lastKnownFileType = sourcecode.swift; path = ZIMServiceDelegate.swift; sourceTree = "<group>"; };
		8E3034862A6E75B700B77973 /* RoomRequest.swift */ = {isa = PBXFileReference; fileEncoding = 4; lastKnownFileType = sourcecode.swift; path = RoomRequest.swift; sourceTree = "<group>"; };
		8E3034882A6E7AFF00B77973 /* ZIMService+RoomRequest.swift */ = {isa = PBXFileReference; lastKnownFileType = sourcecode.swift; path = "ZIMService+RoomRequest.swift"; sourceTree = "<group>"; };
		8E30348A2A6FBB8700B77973 /* ExpressService+Mixer.swift */ = {isa = PBXFileReference; fileEncoding = 4; lastKnownFileType = sourcecode.swift; path = "ExpressService+Mixer.swift"; sourceTree = "<group>"; };
		8E30348B2A6FBB8700B77973 /* ExpressService+SEI.swift */ = {isa = PBXFileReference; fileEncoding = 4; lastKnownFileType = sourcecode.swift; path = "ExpressService+SEI.swift"; sourceTree = "<group>"; };
		8E3034902A6FBCF600B77973 /* PKDefines.swift */ = {isa = PBXFileReference; fileEncoding = 4; lastKnownFileType = sourcecode.swift; path = PKDefines.swift; sourceTree = "<group>"; };
		8E3034912A6FBCF600B77973 /* PKInvitation.swift */ = {isa = PBXFileReference; fileEncoding = 4; lastKnownFileType = sourcecode.swift; path = PKInvitation.swift; sourceTree = "<group>"; };
		8E3034922A6FBCF600B77973 /* PKService.swift */ = {isa = PBXFileReference; fileEncoding = 4; lastKnownFileType = sourcecode.swift; path = PKService.swift; sourceTree = "<group>"; };
		8E3034942A6FBCF600B77973 /* CoHostService.swift */ = {isa = PBXFileReference; fileEncoding = 4; lastKnownFileType = sourcecode.swift; path = CoHostService.swift; sourceTree = "<group>"; };
		8E3034962A6FBCF600B77973 /* ZegoCallDataModel.swift */ = {isa = PBXFileReference; fileEncoding = 4; lastKnownFileType = sourcecode.swift; path = ZegoCallDataModel.swift; sourceTree = "<group>"; };
		8E3034982A6FBCF600B77973 /* RoomSeatService.swift */ = {isa = PBXFileReference; fileEncoding = 4; lastKnownFileType = sourcecode.swift; path = RoomSeatService.swift; sourceTree = "<group>"; };
		8E3034992A6FBCF600B77973 /* ZegoLiveAudioRoomSeat.swift */ = {isa = PBXFileReference; fileEncoding = 4; lastKnownFileType = sourcecode.swift; path = ZegoLiveAudioRoomSeat.swift; sourceTree = "<group>"; };
		8E30349A2A6FBCF600B77973 /* ZegoLiveAudioRoomLayoutConfig.swift */ = {isa = PBXFileReference; fileEncoding = 4; lastKnownFileType = sourcecode.swift; path = ZegoLiveAudioRoomLayoutConfig.swift; sourceTree = "<group>"; };
		8E3034A32A6FBEF100B77973 /* ZegoLiveAudioRoomManager.swift */ = {isa = PBXFileReference; fileEncoding = 4; lastKnownFileType = sourcecode.swift; path = ZegoLiveAudioRoomManager.swift; sourceTree = "<group>"; };
		8E3034A42A6FBEF100B77973 /* ZegoLiveStreamingManager.swift */ = {isa = PBXFileReference; fileEncoding = 4; lastKnownFileType = sourcecode.swift; path = ZegoLiveStreamingManager.swift; sourceTree = "<group>"; };
		8E3034A52A6FBEF200B77973 /* ZegoCallManager.swift */ = {isa = PBXFileReference; fileEncoding = 4; lastKnownFileType = sourcecode.swift; path = ZegoCallManager.swift; sourceTree = "<group>"; };
		8E3034AA2A6FC07B00B77973 /* CoHostTableViewCell.xib */ = {isa = PBXFileReference; fileEncoding = 4; lastKnownFileType = file.xib; path = CoHostTableViewCell.xib; sourceTree = "<group>"; };
		8E3034AB2A6FC07B00B77973 /* CoHostTableViewCell.swift */ = {isa = PBXFileReference; fileEncoding = 4; lastKnownFileType = sourcecode.swift; path = CoHostTableViewCell.swift; sourceTree = "<group>"; };
		8E3034AE2A6FC09700B77973 /* ZegoSeatView.swift */ = {isa = PBXFileReference; fileEncoding = 4; lastKnownFileType = sourcecode.swift; path = ZegoSeatView.swift; sourceTree = "<group>"; };
		8E3034B02A6FC72000B77973 /* CallService.swift */ = {isa = PBXFileReference; fileEncoding = 4; lastKnownFileType = sourcecode.swift; path = CallService.swift; sourceTree = "<group>"; };
		8E3034B22A6FE9A600B77973 /* ApplyCoHostListViewController.swift */ = {isa = PBXFileReference; fileEncoding = 4; lastKnownFileType = sourcecode.swift; path = ApplyCoHostListViewController.swift; sourceTree = "<group>"; };
		8E3034B42A6FEA7300B77973 /* UIImageView+Extension.swift */ = {isa = PBXFileReference; fileEncoding = 4; lastKnownFileType = sourcecode.swift; path = "UIImageView+Extension.swift"; sourceTree = "<group>"; };
		8E318D6C29D573D4001596F3 /* ZegoCloudSDKDemo.app */ = {isa = PBXFileReference; explicitFileType = wrapper.application; includeInIndex = 0; path = ZegoCloudSDKDemo.app; sourceTree = BUILT_PRODUCTS_DIR; };
		8E318D6F29D573D4001596F3 /* AppDelegate.swift */ = {isa = PBXFileReference; lastKnownFileType = sourcecode.swift; path = AppDelegate.swift; sourceTree = "<group>"; };
		8E318D7129D573D4001596F3 /* SceneDelegate.swift */ = {isa = PBXFileReference; lastKnownFileType = sourcecode.swift; path = SceneDelegate.swift; sourceTree = "<group>"; };
		8E318D7329D573D4001596F3 /* LoginViewController.swift */ = {isa = PBXFileReference; lastKnownFileType = sourcecode.swift; path = LoginViewController.swift; sourceTree = "<group>"; };
		8E318D7629D573D4001596F3 /* Base */ = {isa = PBXFileReference; lastKnownFileType = file.storyboard; name = Base; path = Base.lproj/Main.storyboard; sourceTree = "<group>"; };
		8E318D7829D573D5001596F3 /* Assets.xcassets */ = {isa = PBXFileReference; lastKnownFileType = folder.assetcatalog; path = Assets.xcassets; sourceTree = "<group>"; };
		8E318D7B29D573D5001596F3 /* Base */ = {isa = PBXFileReference; lastKnownFileType = file.storyboard; name = Base; path = Base.lproj/LaunchScreen.storyboard; sourceTree = "<group>"; };
		8E318D7D29D573D5001596F3 /* Info.plist */ = {isa = PBXFileReference; lastKnownFileType = text.plist.xml; path = Info.plist; sourceTree = "<group>"; };
		8E318D8929D5802F001596F3 /* Utils.swift */ = {isa = PBXFileReference; fileEncoding = 4; lastKnownFileType = sourcecode.swift; path = Utils.swift; sourceTree = "<group>"; };
		8E318D8B29D586D6001596F3 /* HomeViewController.swift */ = {isa = PBXFileReference; lastKnownFileType = sourcecode.swift; path = HomeViewController.swift; sourceTree = "<group>"; };
		8E4DD6702A5FA37D00E0B5BE /* ZegoEffectsService+Extension.swift */ = {isa = PBXFileReference; lastKnownFileType = sourcecode.swift; path = "ZegoEffectsService+Extension.swift"; sourceTree = "<group>"; };
		8E4DD6722A5FF02400E0B5BE /* BeautyResources */ = {isa = PBXFileReference; lastKnownFileType = folder; path = BeautyResources; sourceTree = "<group>"; };
		8E7CB8CB2A556335004849EF /* ZIMService+Room.swift */ = {isa = PBXFileReference; lastKnownFileType = sourcecode.swift; path = "ZIMService+Room.swift"; sourceTree = "<group>"; };
		8E7CB8CD2A5563FF004849EF /* ZIMService+Avatar.swift */ = {isa = PBXFileReference; lastKnownFileType = sourcecode.swift; path = "ZIMService+Avatar.swift"; sourceTree = "<group>"; };
		8E7CB8D12A56967B004849EF /* CallingViewController.xib */ = {isa = PBXFileReference; fileEncoding = 4; lastKnownFileType = file.xib; path = CallingViewController.xib; sourceTree = "<group>"; };
		8E7CB8D22A56967B004849EF /* CallingViewController.swift */ = {isa = PBXFileReference; fileEncoding = 4; lastKnownFileType = sourcecode.swift; path = CallingViewController.swift; sourceTree = "<group>"; };
		8E7CB8D32A56967B004849EF /* CallWaitingViewController.swift */ = {isa = PBXFileReference; fileEncoding = 4; lastKnownFileType = sourcecode.swift; path = CallWaitingViewController.swift; sourceTree = "<group>"; };
		8E7CB8D42A56967B004849EF /* CallWaitingViewController.xib */ = {isa = PBXFileReference; fileEncoding = 4; lastKnownFileType = file.xib; path = CallWaitingViewController.xib; sourceTree = "<group>"; };
		8E7CB8E02A569765004849EF /* ZegoIncomingCallDialog.swift */ = {isa = PBXFileReference; fileEncoding = 4; lastKnownFileType = sourcecode.swift; path = ZegoIncomingCallDialog.swift; sourceTree = "<group>"; };
		8E7CB8E12A569765004849EF /* ZegoIncomingCallDialog.xib */ = {isa = PBXFileReference; fileEncoding = 4; lastKnownFileType = file.xib; path = ZegoIncomingCallDialog.xib; sourceTree = "<group>"; };
		8E7CB8E42A56978E004849EF /* ZegoDefine.swift */ = {isa = PBXFileReference; fileEncoding = 4; lastKnownFileType = sourcecode.swift; path = ZegoDefine.swift; sourceTree = "<group>"; };
		8E7E12342A70FFCD00CA8791 /* LiveAudioRoomViewController.swift */ = {isa = PBXFileReference; fileEncoding = 4; lastKnownFileType = sourcecode.swift; path = LiveAudioRoomViewController.swift; sourceTree = "<group>"; };
		8E7E12362A7248E600CA8791 /* AppIDViewController.swift */ = {isa = PBXFileReference; fileEncoding = 4; lastKnownFileType = sourcecode.swift; path = AppIDViewController.swift; sourceTree = "<group>"; };
		8EAE31EF29D6898E00305045 /* LiveStreamingViewController.swift */ = {isa = PBXFileReference; lastKnownFileType = sourcecode.swift; path = LiveStreamingViewController.swift; sourceTree = "<group>"; };
		8EAE31F129D6C3F800305045 /* ZegoSDKManager.swift */ = {isa = PBXFileReference; lastKnownFileType = sourcecode.swift; path = ZegoSDKManager.swift; sourceTree = "<group>"; };
		8EAE31F529D6C58700305045 /* ExpressService.swift */ = {isa = PBXFileReference; lastKnownFileType = sourcecode.swift; path = ExpressService.swift; sourceTree = "<group>"; };
		8EAE31F829D6D78000305045 /* ZegoSDKUser.swift */ = {isa = PBXFileReference; lastKnownFileType = sourcecode.swift; path = ZegoSDKUser.swift; sourceTree = "<group>"; };
		8EBB674B2A05FEAC00832D8D /* ZIMService+EventHandler.swift */ = {isa = PBXFileReference; fileEncoding = 4; lastKnownFileType = sourcecode.swift; path = "ZIMService+EventHandler.swift"; sourceTree = "<group>"; };
		8EBB674F2A06020000832D8D /* ZegoEffectsService.swift */ = {isa = PBXFileReference; lastKnownFileType = sourcecode.swift; path = ZegoEffectsService.swift; sourceTree = "<group>"; };
		8EBB67552A062DA500832D8D /* EffectsSDKHelper.swift */ = {isa = PBXFileReference; lastKnownFileType = sourcecode.swift; path = EffectsSDKHelper.swift; sourceTree = "<group>"; };
		8EBB67582A0633D100832D8D /* BeautyType.swift */ = {isa = PBXFileReference; lastKnownFileType = sourcecode.swift; path = BeautyType.swift; sourceTree = "<group>"; };
		8EBB675B2A0647BC00832D8D /* APIBase.swift */ = {isa = PBXFileReference; lastKnownFileType = sourcecode.swift; path = APIBase.swift; sourceTree = "<group>"; };
		8EEE4BF72A0653DB0051F6B2 /* ExpressService+Process.swift */ = {isa = PBXFileReference; lastKnownFileType = sourcecode.swift; path = "ExpressService+Process.swift"; sourceTree = "<group>"; };
		8EEE4BFA2A08987D0051F6B2 /* BeautyAbility.swift */ = {isa = PBXFileReference; lastKnownFileType = sourcecode.swift; path = BeautyAbility.swift; sourceTree = "<group>"; };
		8EEE4BFC2A089FB90051F6B2 /* BeautyEditor.swift */ = {isa = PBXFileReference; lastKnownFileType = sourcecode.swift; path = BeautyEditor.swift; sourceTree = "<group>"; };
		8EEE4BFE2A08D78D0051F6B2 /* BeautyItem.swift */ = {isa = PBXFileReference; lastKnownFileType = sourcecode.swift; path = BeautyItem.swift; sourceTree = "<group>"; };
		8EEE4C002A09F2030051F6B2 /* FaceBeautifyView.swift */ = {isa = PBXFileReference; lastKnownFileType = sourcecode.swift; path = FaceBeautifyView.swift; sourceTree = "<group>"; };
		8EEE4C022A09F8E20051F6B2 /* ZegoSlider.swift */ = {isa = PBXFileReference; fileEncoding = 4; lastKnownFileType = sourcecode.swift; path = ZegoSlider.swift; sourceTree = "<group>"; };
		8EEE4C042A09F9A20051F6B2 /* UIColor+Hex.swift */ = {isa = PBXFileReference; lastKnownFileType = sourcecode.swift; path = "UIColor+Hex.swift"; sourceTree = "<group>"; };
		8EEE4C062A0A296A0051F6B2 /* EffectBackgroundView.swift */ = {isa = PBXFileReference; fileEncoding = 4; lastKnownFileType = sourcecode.swift; path = EffectBackgroundView.swift; sourceTree = "<group>"; };
		8EEE4C082A0A47240051F6B2 /* FaceBeautifyData.swift */ = {isa = PBXFileReference; lastKnownFileType = sourcecode.swift; path = FaceBeautifyData.swift; sourceTree = "<group>"; };
		8EEE4C0B2A0A48F20051F6B2 /* BeautyTitleCell.swift */ = {isa = PBXFileReference; lastKnownFileType = sourcecode.swift; path = BeautyTitleCell.swift; sourceTree = "<group>"; };
		8EEE4C0D2A0B4B700051F6B2 /* BeautyItemCell.swift */ = {isa = PBXFileReference; lastKnownFileType = sourcecode.swift; path = BeautyItemCell.swift; sourceTree = "<group>"; };
		CA01A53C3134C4F88285341E /* Pods-ZegoCloudSDKDemo.release.xcconfig */ = {isa = PBXFileReference; includeInIndex = 1; lastKnownFileType = text.xcconfig; name = "Pods-ZegoCloudSDKDemo.release.xcconfig"; path = "Target Support Files/Pods-ZegoCloudSDKDemo/Pods-ZegoCloudSDKDemo.release.xcconfig"; sourceTree = "<group>"; };
/* End PBXFileReference section */

/* Begin PBXFrameworksBuildPhase section */
		8E318D6929D573D4001596F3 /* Frameworks */ = {
			isa = PBXFrameworksBuildPhase;
			buildActionMask = 2147483647;
			files = (
				864697212B5E470C008B3005 /* Toast in Frameworks */,
				CF2D85B3953C69B8CDA777D3 /* Pods_ZegoCloudSDKDemo.framework in Frameworks */,
				864697242B5E472C008B3005 /* ZegoExpressEngine in Frameworks */,
				864697272B5E474A008B3005 /* ZIM in Frameworks */,
			);
			runOnlyForDeploymentPostprocessing = 0;
		};
/* End PBXFrameworksBuildPhase section */

/* Begin PBXGroup section */
		1127D55F945ED138910D7837 /* Pods */ = {
			isa = PBXGroup;
			children = (
				217DD8A8123CE75AC7257A41 /* Pods-ZegoCloudSDKDemo.debug.xcconfig */,
				CA01A53C3134C4F88285341E /* Pods-ZegoCloudSDKDemo.release.xcconfig */,
			);
			path = Pods;
			sourceTree = "<group>";
		};
		7578429749FA1779E399D3EB /* Frameworks */ = {
			isa = PBXGroup;
			children = (
				2F397B0136CD337546B1B0F6 /* Pods_ZegoCloudSDKDemo.framework */,
			);
			name = Frameworks;
			sourceTree = "<group>";
		};
		86DE8E1C2B0466F400B1C4B8 /* PK */ = {
			isa = PBXGroup;
			children = (
				86DE8E1D2B0466F400B1C4B8 /* PKBattleMixView.swift */,
				86DE8E1E2B0466F400B1C4B8 /* PKBattleViewContainer.swift */,
				86DE8E1F2B0466F400B1C4B8 /* PKButton.swift */,
				86DE8E202B0466F400B1C4B8 /* PKConnectingView.swift */,
				86DE8E212B0466F400B1C4B8 /* PKForegroundView.swift */,
				86DE8E222B0466F400B1C4B8 /* PKBattleView.swift */,
			);
			path = PK;
			sourceTree = "<group>";
		};
		8E1B929229DE707E0097C9ED /* Defines */ = {
			isa = PBXGroup;
			children = (
				8E1B925F29DACBF00097C9ED /* ExpressServiceDelegate.swift */,
				8EAE31F829D6D78000305045 /* ZegoSDKUser.swift */,
			);
			path = Defines;
			sourceTree = "<group>";
		};
		8E30347F2A6E6B7A00B77973 /* Components */ = {
			isa = PBXGroup;
			children = (
				86DE8E1C2B0466F400B1C4B8 /* PK */,
				8E1B926A29DBD1250097C9ED /* VideoView.swift */,
				8EBB67522A06045300832D8D /* Effects */,
				8E3034822A6E73A700B77973 /* AudioRoom */,
				8E3034812A6E739600B77973 /* CoHost */,
				8E3034802A6E738E00B77973 /* Call */,
			);
			path = Components;
			sourceTree = "<group>";
		};
		8E3034802A6E738E00B77973 /* Call */ = {
			isa = PBXGroup;
			children = (
				8E7CB8E02A569765004849EF /* ZegoIncomingCallDialog.swift */,
				8E7CB8E12A569765004849EF /* ZegoIncomingCallDialog.xib */,
				8E3034B02A6FC72000B77973 /* CallService.swift */,
			);
			path = Call;
			sourceTree = "<group>";
		};
		8E3034812A6E739600B77973 /* CoHost */ = {
			isa = PBXGroup;
			children = (
				8E3034AB2A6FC07B00B77973 /* CoHostTableViewCell.swift */,
				8E3034AA2A6FC07B00B77973 /* CoHostTableViewCell.xib */,
				86DE8E2F2B04695800B1C4B8 /* CoHostContainerView.swift */,
				86DE8E302B04695800B1C4B8 /* CoHostViewModel.swift */,
			);
			path = CoHost;
			sourceTree = "<group>";
		};
		8E3034822A6E73A700B77973 /* AudioRoom */ = {
			isa = PBXGroup;
			children = (
				8E3034AE2A6FC09700B77973 /* ZegoSeatView.swift */,
			);
			path = AudioRoom;
			sourceTree = "<group>";
		};
		8E3034832A6E744400B77973 /* SDK */ = {
			isa = PBXGroup;
			children = (
				8E1B929029DE6FEC0097C9ED /* ServiceDefines.swift */,
				8EBB674E2A0601D200832D8D /* Effect */,
				8EBB67492A05FBE300832D8D /* Express */,
				8EBB674A2A05FBE800832D8D /* ZIM */,
			);
			path = SDK;
			sourceTree = "<group>";
		};
		8E30348E2A6FBCF600B77973 /* Business */ = {
			isa = PBXGroup;
			children = (
				8E30348F2A6FBCF600B77973 /* PK */,
				8E3034932A6FBCF600B77973 /* CoHost */,
				8E3034952A6FBCF600B77973 /* Call */,
				8E3034972A6FBCF600B77973 /* AudioRoom */,
			);
			path = Business;
			sourceTree = "<group>";
		};
		8E30348F2A6FBCF600B77973 /* PK */ = {
			isa = PBXGroup;
			children = (
				8E3034902A6FBCF600B77973 /* PKDefines.swift */,
				8E3034912A6FBCF600B77973 /* PKInvitation.swift */,
				8E3034922A6FBCF600B77973 /* PKService.swift */,
				86DE8E332B046A8F00B1C4B8 /* PKService+ExpressEventHandler.swift */,
				86DE8E342B046A9000B1C4B8 /* PKService+ZIMEventHandler.swift */,
			);
			path = PK;
			sourceTree = "<group>";
		};
		8E3034932A6FBCF600B77973 /* CoHost */ = {
			isa = PBXGroup;
			children = (
				8E3034942A6FBCF600B77973 /* CoHostService.swift */,
			);
			path = CoHost;
			sourceTree = "<group>";
		};
		8E3034952A6FBCF600B77973 /* Call */ = {
			isa = PBXGroup;
			children = (
				868F03152B359B550088CEC1 /* ZegoCallExtendedData.swift */,
				8E3034962A6FBCF600B77973 /* ZegoCallDataModel.swift */,
			);
			path = Call;
			sourceTree = "<group>";
		};
		8E3034972A6FBCF600B77973 /* AudioRoom */ = {
			isa = PBXGroup;
			children = (
				8E3034982A6FBCF600B77973 /* RoomSeatService.swift */,
				8E3034992A6FBCF600B77973 /* ZegoLiveAudioRoomSeat.swift */,
				8E30349A2A6FBCF600B77973 /* ZegoLiveAudioRoomLayoutConfig.swift */,
			);
			path = AudioRoom;
			sourceTree = "<group>";
		};
		8E3034A92A6FBFF300B77973 /* ViewControllers */ = {
			isa = PBXGroup;
			children = (
				868F03192B359B9D0088CEC1 /* GroupCallViewController.swift */,
				868F031D2B359BBA0088CEC1 /* GroupCallViewController.xib */,
				868F03172B359B9D0088CEC1 /* OneOnOneCallViewController.swift */,
				868F03182B359B9D0088CEC1 /* OneOnOneCallViewController.xib */,
				8E7CB8D22A56967B004849EF /* CallingViewController.swift */,
				8E7CB8D12A56967B004849EF /* CallingViewController.xib */,
				8E7CB8D32A56967B004849EF /* CallWaitingViewController.swift */,
				8E7CB8D42A56967B004849EF /* CallWaitingViewController.xib */,
				8EAE31EF29D6898E00305045 /* LiveStreamingViewController.swift */,
				8E3034B22A6FE9A600B77973 /* ApplyCoHostListViewController.swift */,
				8E7E12342A70FFCD00CA8791 /* LiveAudioRoomViewController.swift */,
				8E318D7329D573D4001596F3 /* LoginViewController.swift */,
				8E318D8B29D586D6001596F3 /* HomeViewController.swift */,
				8E7E12362A7248E600CA8791 /* AppIDViewController.swift */,
			);
			path = ViewControllers;
			sourceTree = "<group>";
		};
		8E318D6329D573D4001596F3 = {
			isa = PBXGroup;
			children = (
				8E318D6E29D573D4001596F3 /* ZegoCloudSDKDemo */,
				8E318D6D29D573D4001596F3 /* Products */,
				7578429749FA1779E399D3EB /* Frameworks */,
				1127D55F945ED138910D7837 /* Pods */,
			);
			sourceTree = "<group>";
		};
		8E318D6D29D573D4001596F3 /* Products */ = {
			isa = PBXGroup;
			children = (
				8E318D6C29D573D4001596F3 /* ZegoCloudSDKDemo.app */,
			);
			name = Products;
			sourceTree = "<group>";
		};
		8E318D6E29D573D4001596F3 /* ZegoCloudSDKDemo */ = {
			isa = PBXGroup;
			children = (
				8E4DD6722A5FF02400E0B5BE /* BeautyResources */,
				8E30347F2A6E6B7A00B77973 /* Components */,
				8E3034A92A6FBFF300B77973 /* ViewControllers */,
				8EBB67482A05FBDC00832D8D /* Internal */,
				8E318D6F29D573D4001596F3 /* AppDelegate.swift */,
				8E318D7129D573D4001596F3 /* SceneDelegate.swift */,
				860624742AF34344006B04A8 /* KeyCenter.swift */,
				8E3034A52A6FBEF200B77973 /* ZegoCallManager.swift */,
				868F03122B359B3F0088CEC1 /* ZegoCallManager+EventHandler.swift */,
				868F03112B359B3F0088CEC1 /* ZegoCallManagerInterface.swift */,
				8E3034A32A6FBEF100B77973 /* ZegoLiveAudioRoomManager.swift */,
				8E3034A42A6FBEF100B77973 /* ZegoLiveStreamingManager.swift */,
				86DE8E292B04671700B1C4B8 /* ZegoLiveStreamingManager+ExpressEventHandler.swift */,
				8E318D8929D5802F001596F3 /* Utils.swift */,
				8E7CB8E42A56978E004849EF /* ZegoDefine.swift */,
				8E318D7529D573D4001596F3 /* Main.storyboard */,
				8E318D7829D573D5001596F3 /* Assets.xcassets */,
				8E318D7A29D573D5001596F3 /* LaunchScreen.storyboard */,
				8E318D7D29D573D5001596F3 /* Info.plist */,
			);
			path = ZegoCloudSDKDemo;
			sourceTree = "<group>";
		};
		8EAE31F329D6C40900305045 /* Utils */ = {
			isa = PBXGroup;
			children = (
				86DE8E2C2B04686A00B1C4B8 /* Array+Extension.swift */,
				86DE8E2B2B04686A00B1C4B8 /* String+Extension.swift */,
				8E3034B42A6FEA7300B77973 /* UIImageView+Extension.swift */,
				8E1B928E29DE6D900097C9ED /* Dictionary+Extension.swift */,
				8EEE4C042A09F9A20051F6B2 /* UIColor+Hex.swift */,
			);
			path = Utils;
			sourceTree = "<group>";
		};
		8EBB67482A05FBDC00832D8D /* Internal */ = {
			isa = PBXGroup;
			children = (
				8E30348E2A6FBCF600B77973 /* Business */,
				8E3034832A6E744400B77973 /* SDK */,
				8EAE31F329D6C40900305045 /* Utils */,
				8EAE31F129D6C3F800305045 /* ZegoSDKManager.swift */,
			);
			path = Internal;
			sourceTree = "<group>";
		};
		8EBB67492A05FBE300832D8D /* Express */ = {
			isa = PBXGroup;
			children = (
				8E1B929229DE707E0097C9ED /* Defines */,
				8EAE31F529D6C58700305045 /* ExpressService.swift */,
				8E1B926129DACEAF0097C9ED /* ExpressService+Stream.swift */,
				8EEE4BF72A0653DB0051F6B2 /* ExpressService+Process.swift */,
				8E1B926329DACEE00097C9ED /* ExpressService+Device.swift */,
				8E1B926529DAD0160097C9ED /* ExpressService+Room.swift */,
				8E30348A2A6FBB8700B77973 /* ExpressService+Mixer.swift */,
				8E30348B2A6FBB8700B77973 /* ExpressService+SEI.swift */,
				8E1B926729DAD2CF0097C9ED /* ExpressService+EventHandler.swift */,
			);
			path = Express;
			sourceTree = "<group>";
		};
		8EBB674A2A05FBE800832D8D /* ZIM */ = {
			isa = PBXGroup;
			children = (
				8EBB674D2A05FF5100832D8D /* Defines */,
				86AEB24F29FB741400DA4BF3 /* ZIMService.swift */,
				8E7CB8CB2A556335004849EF /* ZIMService+Room.swift */,
				8E3034882A6E7AFF00B77973 /* ZIMService+RoomRequest.swift */,
				86AEB25529FBA55200DA4BF3 /* ZIMService+UserRequest.swift */,
				8E7CB8CD2A5563FF004849EF /* ZIMService+Avatar.swift */,
				8EBB674B2A05FEAC00832D8D /* ZIMService+EventHandler.swift */,
			);
			path = ZIM;
			sourceTree = "<group>";
		};
		8EBB674D2A05FF5100832D8D /* Defines */ = {
			isa = PBXGroup;
			children = (
				8E3034862A6E75B700B77973 /* RoomRequest.swift */,
				8E3034842A6E75A400B77973 /* ZIMServiceDelegate.swift */,
			);
			path = Defines;
			sourceTree = "<group>";
		};
		8EBB674E2A0601D200832D8D /* Effect */ = {
			isa = PBXGroup;
			children = (
				8EBB67512A06044A00832D8D /* Internal */,
				8EBB674F2A06020000832D8D /* ZegoEffectsService.swift */,
			);
			path = Effect;
			sourceTree = "<group>";
		};
		8EBB67512A06044A00832D8D /* Internal */ = {
			isa = PBXGroup;
			children = (
				8EBB675A2A0647B000832D8D /* Network */,
				8EEE4BF92A0898400051F6B2 /* BeautyAbility */,
				8EBB67552A062DA500832D8D /* EffectsSDKHelper.swift */,
				8E4DD6702A5FA37D00E0B5BE /* ZegoEffectsService+Extension.swift */,
			);
			path = Internal;
			sourceTree = "<group>";
		};
		8EBB67522A06045300832D8D /* Effects */ = {
			isa = PBXGroup;
			children = (
				8EEE4C0A2A0A48B90051F6B2 /* Cell */,
				8EEE4C022A09F8E20051F6B2 /* ZegoSlider.swift */,
				8EEE4C062A0A296A0051F6B2 /* EffectBackgroundView.swift */,
				8EEE4C002A09F2030051F6B2 /* FaceBeautifyView.swift */,
				8EEE4C082A0A47240051F6B2 /* FaceBeautifyData.swift */,
			);
			path = Effects;
			sourceTree = "<group>";
		};
		8EBB675A2A0647B000832D8D /* Network */ = {
			isa = PBXGroup;
			children = (
				8EBB675B2A0647BC00832D8D /* APIBase.swift */,
			);
			path = Network;
			sourceTree = "<group>";
		};
		8EEE4BF92A0898400051F6B2 /* BeautyAbility */ = {
			isa = PBXGroup;
			children = (
				8EBB67582A0633D100832D8D /* BeautyType.swift */,
				8EEE4BFA2A08987D0051F6B2 /* BeautyAbility.swift */,
				8EEE4BFC2A089FB90051F6B2 /* BeautyEditor.swift */,
				8EEE4BFE2A08D78D0051F6B2 /* BeautyItem.swift */,
			);
			path = BeautyAbility;
			sourceTree = "<group>";
		};
		8EEE4C0A2A0A48B90051F6B2 /* Cell */ = {
			isa = PBXGroup;
			children = (
				8EEE4C0B2A0A48F20051F6B2 /* BeautyTitleCell.swift */,
				8EEE4C0D2A0B4B700051F6B2 /* BeautyItemCell.swift */,
			);
			path = Cell;
			sourceTree = "<group>";
		};
/* End PBXGroup section */

/* Begin PBXNativeTarget section */
		8E318D6B29D573D4001596F3 /* ZegoCloudSDKDemo */ = {
			isa = PBXNativeTarget;
			buildConfigurationList = 8E318D8029D573D5001596F3 /* Build configuration list for PBXNativeTarget "ZegoCloudSDKDemo" */;
			buildPhases = (
				50AD046DDCD83B9BAB5D854A /* [CP] Check Pods Manifest.lock */,
				8E318D6829D573D4001596F3 /* Sources */,
				8E318D6929D573D4001596F3 /* Frameworks */,
				8E318D6A29D573D4001596F3 /* Resources */,
				643ABD3AB3C73C04DA154F39 /* [CP] Embed Pods Frameworks */,
			);
			buildRules = (
			);
			dependencies = (
			);
			name = ZegoCloudSDKDemo;
			packageProductDependencies = (
				864697202B5E470C008B3005 /* Toast */,
				864697232B5E472C008B3005 /* ZegoExpressEngine */,
				864697262B5E474A008B3005 /* ZIM */,
			);
			productName = ZegoCloudSDKDemo;
			productReference = 8E318D6C29D573D4001596F3 /* ZegoCloudSDKDemo.app */;
			productType = "com.apple.product-type.application";
		};
/* End PBXNativeTarget section */

/* Begin PBXProject section */
		8E318D6429D573D4001596F3 /* Project object */ = {
			isa = PBXProject;
			attributes = {
				BuildIndependentTargetsInParallel = 1;
				LastSwiftUpdateCheck = 1420;
				LastUpgradeCheck = 1420;
				TargetAttributes = {
					8E318D6B29D573D4001596F3 = {
						CreatedOnToolsVersion = 14.2;
					};
				};
			};
			buildConfigurationList = 8E318D6729D573D4001596F3 /* Build configuration list for PBXProject "ZegoCloudSDKDemo" */;
			compatibilityVersion = "Xcode 13.0";
			developmentRegion = en;
			hasScannedForEncodings = 0;
			knownRegions = (
				en,
				Base,
			);
			mainGroup = 8E318D6329D573D4001596F3;
			packageReferences = (
				8646971F2B5E470C008B3005 /* XCRemoteSwiftPackageReference "Toast-Swift" */,
				864697222B5E472C008B3005 /* XCRemoteSwiftPackageReference "express-video-ios" */,
				864697252B5E474A008B3005 /* XCRemoteSwiftPackageReference "zim-ios" */,
			);
			productRefGroup = 8E318D6D29D573D4001596F3 /* Products */;
			projectDirPath = "";
			projectRoot = "";
			targets = (
				8E318D6B29D573D4001596F3 /* ZegoCloudSDKDemo */,
			);
		};
/* End PBXProject section */

/* Begin PBXResourcesBuildPhase section */
		8E318D6A29D573D4001596F3 /* Resources */ = {
			isa = PBXResourcesBuildPhase;
			buildActionMask = 2147483647;
			files = (
				868F031B2B359B9D0088CEC1 /* OneOnOneCallViewController.xib in Resources */,
				8E7CB8D62A56967B004849EF /* CallingViewController.xib in Resources */,
				8E7CB8E32A569765004849EF /* ZegoIncomingCallDialog.xib in Resources */,
				8E318D7C29D573D5001596F3 /* LaunchScreen.storyboard in Resources */,
				8E3034AC2A6FC07B00B77973 /* CoHostTableViewCell.xib in Resources */,
				8E318D7929D573D5001596F3 /* Assets.xcassets in Resources */,
				8E7CB8D92A56967B004849EF /* CallWaitingViewController.xib in Resources */,
				8E318D7729D573D4001596F3 /* Main.storyboard in Resources */,
				868F031E2B359BBA0088CEC1 /* GroupCallViewController.xib in Resources */,
				8E4DD6732A5FF02400E0B5BE /* BeautyResources in Resources */,
			);
			runOnlyForDeploymentPostprocessing = 0;
		};
/* End PBXResourcesBuildPhase section */

/* Begin PBXShellScriptBuildPhase section */
		50AD046DDCD83B9BAB5D854A /* [CP] Check Pods Manifest.lock */ = {
			isa = PBXShellScriptBuildPhase;
			buildActionMask = 2147483647;
			files = (
			);
			inputFileListPaths = (
			);
			inputPaths = (
				"${PODS_PODFILE_DIR_PATH}/Podfile.lock",
				"${PODS_ROOT}/Manifest.lock",
			);
			name = "[CP] Check Pods Manifest.lock";
			outputFileListPaths = (
			);
			outputPaths = (
				"$(DERIVED_FILE_DIR)/Pods-ZegoCloudSDKDemo-checkManifestLockResult.txt",
			);
			runOnlyForDeploymentPostprocessing = 0;
			shellPath = /bin/sh;
			shellScript = "diff \"${PODS_PODFILE_DIR_PATH}/Podfile.lock\" \"${PODS_ROOT}/Manifest.lock\" > /dev/null\nif [ $? != 0 ] ; then\n    # print error to STDERR\n    echo \"error: The sandbox is not in sync with the Podfile.lock. Run 'pod install' or update your CocoaPods installation.\" >&2\n    exit 1\nfi\n# This output is used by Xcode 'outputs' to avoid re-running this script phase.\necho \"SUCCESS\" > \"${SCRIPT_OUTPUT_FILE_0}\"\n";
			showEnvVarsInLog = 0;
		};
		643ABD3AB3C73C04DA154F39 /* [CP] Embed Pods Frameworks */ = {
			isa = PBXShellScriptBuildPhase;
			buildActionMask = 2147483647;
			files = (
			);
			inputFileListPaths = (
				"${PODS_ROOT}/Target Support Files/Pods-ZegoCloudSDKDemo/Pods-ZegoCloudSDKDemo-frameworks-${CONFIGURATION}-input-files.xcfilelist",
			);
			name = "[CP] Embed Pods Frameworks";
			outputFileListPaths = (
				"${PODS_ROOT}/Target Support Files/Pods-ZegoCloudSDKDemo/Pods-ZegoCloudSDKDemo-frameworks-${CONFIGURATION}-output-files.xcfilelist",
			);
			runOnlyForDeploymentPostprocessing = 0;
			shellPath = /bin/sh;
			shellScript = "\"${PODS_ROOT}/Target Support Files/Pods-ZegoCloudSDKDemo/Pods-ZegoCloudSDKDemo-frameworks.sh\"\n";
			showEnvVarsInLog = 0;
		};
/* End PBXShellScriptBuildPhase section */

/* Begin PBXSourcesBuildPhase section */
		8E318D6829D573D4001596F3 /* Sources */ = {
			isa = PBXSourcesBuildPhase;
			buildActionMask = 2147483647;
			files = (
				8E3034A82A6FBEF200B77973 /* ZegoCallManager.swift in Sources */,
				8E318D8C29D586D6001596F3 /* HomeViewController.swift in Sources */,
				8E7E12352A70FFCD00CA8791 /* LiveAudioRoomViewController.swift in Sources */,
				8EEE4BFD2A089FB90051F6B2 /* BeautyEditor.swift in Sources */,
				8E30348D2A6FBB8700B77973 /* ExpressService+SEI.swift in Sources */,
				8E1B926629DAD0160097C9ED /* ExpressService+Room.swift in Sources */,
				86DE8E2E2B04686A00B1C4B8 /* Array+Extension.swift in Sources */,
				8EEE4C032A09F8E20051F6B2 /* ZegoSlider.swift in Sources */,
				86DE8E282B0466F400B1C4B8 /* PKBattleView.swift in Sources */,
				8EEE4BFB2A08987D0051F6B2 /* BeautyAbility.swift in Sources */,
				8EEE4BFF2A08D78D0051F6B2 /* BeautyItem.swift in Sources */,
				8E30349E2A6FBCF600B77973 /* CoHostService.swift in Sources */,
				86DE8E232B0466F400B1C4B8 /* PKBattleMixView.swift in Sources */,
				8E1B926829DAD2CF0097C9ED /* ExpressService+EventHandler.swift in Sources */,
				8EBB67562A062DA500832D8D /* EffectsSDKHelper.swift in Sources */,
				8EBB67592A0633D100832D8D /* BeautyType.swift in Sources */,
				8EAE31F229D6C3F800305045 /* ZegoSDKManager.swift in Sources */,
				8E3034A62A6FBEF200B77973 /* ZegoLiveAudioRoomManager.swift in Sources */,
				8E318D7429D573D4001596F3 /* LoginViewController.swift in Sources */,
				86DE8E252B0466F400B1C4B8 /* PKButton.swift in Sources */,
				8E3034AD2A6FC07B00B77973 /* CoHostTableViewCell.swift in Sources */,
				8E3034A72A6FBEF200B77973 /* ZegoLiveStreamingManager.swift in Sources */,
				86DE8E322B04695800B1C4B8 /* CoHostViewModel.swift in Sources */,
				8EEE4C092A0A47240051F6B2 /* FaceBeautifyData.swift in Sources */,
				8EAE31F029D6898E00305045 /* LiveStreamingViewController.swift in Sources */,
				86AEB25029FB741400DA4BF3 /* ZIMService.swift in Sources */,
				8E1B926229DACEAF0097C9ED /* ExpressService+Stream.swift in Sources */,
				8E318D7029D573D4001596F3 /* AppDelegate.swift in Sources */,
				8EBB675C2A0647BC00832D8D /* APIBase.swift in Sources */,
				8EBB67502A06020000832D8D /* ZegoEffectsService.swift in Sources */,
				8E3034872A6E75B700B77973 /* RoomRequest.swift in Sources */,
				868F03162B359B550088CEC1 /* ZegoCallExtendedData.swift in Sources */,
				8E1B926029DACBF00097C9ED /* ExpressServiceDelegate.swift in Sources */,
				8E318D7229D573D4001596F3 /* SceneDelegate.swift in Sources */,
				8E1B926429DACEE00097C9ED /* ExpressService+Device.swift in Sources */,
				868F031A2B359B9D0088CEC1 /* OneOnOneCallViewController.swift in Sources */,
				8EAE31F629D6C58700305045 /* ExpressService.swift in Sources */,
				86DE8E242B0466F400B1C4B8 /* PKBattleViewContainer.swift in Sources */,
				86DE8E2D2B04686A00B1C4B8 /* String+Extension.swift in Sources */,
				8E7CB8CE2A5563FF004849EF /* ZIMService+Avatar.swift in Sources */,
				8E4DD6712A5FA37D00E0B5BE /* ZegoEffectsService+Extension.swift in Sources */,
				8E3034A02A6FBCF600B77973 /* RoomSeatService.swift in Sources */,
				8E3034892A6E7AFF00B77973 /* ZIMService+RoomRequest.swift in Sources */,
				8E3034A12A6FBCF600B77973 /* ZegoLiveAudioRoomSeat.swift in Sources */,
				868F031C2B359B9D0088CEC1 /* GroupCallViewController.swift in Sources */,
				8EEE4C012A09F2030051F6B2 /* FaceBeautifyView.swift in Sources */,
				86AEB25629FBA55200DA4BF3 /* ZIMService+UserRequest.swift in Sources */,
				8E3034A22A6FBCF600B77973 /* ZegoLiveAudioRoomLayoutConfig.swift in Sources */,
				86DE8E2A2B04671700B1C4B8 /* ZegoLiveStreamingManager+ExpressEventHandler.swift in Sources */,
				8EEE4C0C2A0A48F20051F6B2 /* BeautyTitleCell.swift in Sources */,
				8EEE4C072A0A296A0051F6B2 /* EffectBackgroundView.swift in Sources */,
				8E1B926B29DBD1260097C9ED /* VideoView.swift in Sources */,
				8EEE4BF82A0653DB0051F6B2 /* ExpressService+Process.swift in Sources */,
				8E7CB8E22A569765004849EF /* ZegoIncomingCallDialog.swift in Sources */,
				8E3034AF2A6FC09700B77973 /* ZegoSeatView.swift in Sources */,
				8E7E12372A7248E600CA8791 /* AppIDViewController.swift in Sources */,
				86DE8E352B046A9000B1C4B8 /* PKService+ExpressEventHandler.swift in Sources */,
				868F03132B359B3F0088CEC1 /* ZegoCallManagerInterface.swift in Sources */,
				8E1B929129DE6FEC0097C9ED /* ServiceDefines.swift in Sources */,
				860624752AF34344006B04A8 /* KeyCenter.swift in Sources */,
				86DE8E312B04695800B1C4B8 /* CoHostContainerView.swift in Sources */,
				8E30349D2A6FBCF600B77973 /* PKService.swift in Sources */,
				8E7CB8D82A56967B004849EF /* CallWaitingViewController.swift in Sources */,
				8E30349C2A6FBCF600B77973 /* PKInvitation.swift in Sources */,
				8EEE4C052A09F9A20051F6B2 /* UIColor+Hex.swift in Sources */,
				8E3034852A6E75A400B77973 /* ZIMServiceDelegate.swift in Sources */,
				8E7CB8CC2A556335004849EF /* ZIMService+Room.swift in Sources */,
				86DE8E362B046A9000B1C4B8 /* PKService+ZIMEventHandler.swift in Sources */,
				868F03142B359B3F0088CEC1 /* ZegoCallManager+EventHandler.swift in Sources */,
				8E3034B32A6FE9A600B77973 /* ApplyCoHostListViewController.swift in Sources */,
				8EAE31F929D6D78000305045 /* ZegoSDKUser.swift in Sources */,
				8E30349F2A6FBCF600B77973 /* ZegoCallDataModel.swift in Sources */,
				8E1B928F29DE6D900097C9ED /* Dictionary+Extension.swift in Sources */,
				8E7CB8E72A56978E004849EF /* ZegoDefine.swift in Sources */,
				86DE8E262B0466F400B1C4B8 /* PKConnectingView.swift in Sources */,
				8E30348C2A6FBB8700B77973 /* ExpressService+Mixer.swift in Sources */,
				8E318D8A29D5802F001596F3 /* Utils.swift in Sources */,
				8E3034B52A6FEA7300B77973 /* UIImageView+Extension.swift in Sources */,
				8E3034B12A6FC72000B77973 /* CallService.swift in Sources */,
				8E30349B2A6FBCF600B77973 /* PKDefines.swift in Sources */,
				86DE8E272B0466F400B1C4B8 /* PKForegroundView.swift in Sources */,
				8EBB674C2A05FEAC00832D8D /* ZIMService+EventHandler.swift in Sources */,
				8EEE4C0E2A0B4B700051F6B2 /* BeautyItemCell.swift in Sources */,
				8E7CB8D72A56967B004849EF /* CallingViewController.swift in Sources */,
			);
			runOnlyForDeploymentPostprocessing = 0;
		};
/* End PBXSourcesBuildPhase section */

/* Begin PBXVariantGroup section */
		8E318D7529D573D4001596F3 /* Main.storyboard */ = {
			isa = PBXVariantGroup;
			children = (
				8E318D7629D573D4001596F3 /* Base */,
			);
			name = Main.storyboard;
			sourceTree = "<group>";
		};
		8E318D7A29D573D5001596F3 /* LaunchScreen.storyboard */ = {
			isa = PBXVariantGroup;
			children = (
				8E318D7B29D573D5001596F3 /* Base */,
			);
			name = LaunchScreen.storyboard;
			sourceTree = "<group>";
		};
/* End PBXVariantGroup section */

/* Begin XCBuildConfiguration section */
		8E318D7E29D573D5001596F3 /* Debug */ = {
			isa = XCBuildConfiguration;
			buildSettings = {
				ALWAYS_SEARCH_USER_PATHS = NO;
				CLANG_ANALYZER_NONNULL = YES;
				CLANG_ANALYZER_NUMBER_OBJECT_CONVERSION = YES_AGGRESSIVE;
				CLANG_CXX_LANGUAGE_STANDARD = "gnu++20";
				CLANG_ENABLE_MODULES = YES;
				CLANG_ENABLE_OBJC_ARC = YES;
				CLANG_ENABLE_OBJC_WEAK = YES;
				CLANG_WARN_BLOCK_CAPTURE_AUTORELEASING = YES;
				CLANG_WARN_BOOL_CONVERSION = YES;
				CLANG_WARN_COMMA = YES;
				CLANG_WARN_CONSTANT_CONVERSION = YES;
				CLANG_WARN_DEPRECATED_OBJC_IMPLEMENTATIONS = YES;
				CLANG_WARN_DIRECT_OBJC_ISA_USAGE = YES_ERROR;
				CLANG_WARN_DOCUMENTATION_COMMENTS = YES;
				CLANG_WARN_EMPTY_BODY = YES;
				CLANG_WARN_ENUM_CONVERSION = YES;
				CLANG_WARN_INFINITE_RECURSION = YES;
				CLANG_WARN_INT_CONVERSION = YES;
				CLANG_WARN_NON_LITERAL_NULL_CONVERSION = YES;
				CLANG_WARN_OBJC_IMPLICIT_RETAIN_SELF = YES;
				CLANG_WARN_OBJC_LITERAL_CONVERSION = YES;
				CLANG_WARN_OBJC_ROOT_CLASS = YES_ERROR;
				CLANG_WARN_QUOTED_INCLUDE_IN_FRAMEWORK_HEADER = YES;
				CLANG_WARN_RANGE_LOOP_ANALYSIS = YES;
				CLANG_WARN_STRICT_PROTOTYPES = YES;
				CLANG_WARN_SUSPICIOUS_MOVE = YES;
				CLANG_WARN_UNGUARDED_AVAILABILITY = YES_AGGRESSIVE;
				CLANG_WARN_UNREACHABLE_CODE = YES;
				CLANG_WARN__DUPLICATE_METHOD_MATCH = YES;
				COPY_PHASE_STRIP = NO;
				DEBUG_INFORMATION_FORMAT = dwarf;
				ENABLE_STRICT_OBJC_MSGSEND = YES;
				ENABLE_TESTABILITY = YES;
				GCC_C_LANGUAGE_STANDARD = gnu11;
				GCC_DYNAMIC_NO_PIC = NO;
				GCC_NO_COMMON_BLOCKS = YES;
				GCC_OPTIMIZATION_LEVEL = 0;
				GCC_PREPROCESSOR_DEFINITIONS = (
					"DEBUG=1",
					"$(inherited)",
				);
				GCC_WARN_64_TO_32_BIT_CONVERSION = YES;
				GCC_WARN_ABOUT_RETURN_TYPE = YES_ERROR;
				GCC_WARN_UNDECLARED_SELECTOR = YES;
				GCC_WARN_UNINITIALIZED_AUTOS = YES_AGGRESSIVE;
				GCC_WARN_UNUSED_FUNCTION = YES;
				GCC_WARN_UNUSED_VARIABLE = YES;
				IPHONEOS_DEPLOYMENT_TARGET = 16.2;
				MTL_ENABLE_DEBUG_INFO = INCLUDE_SOURCE;
				MTL_FAST_MATH = YES;
				ONLY_ACTIVE_ARCH = YES;
				SDKROOT = iphoneos;
				SWIFT_ACTIVE_COMPILATION_CONDITIONS = DEBUG;
				SWIFT_OPTIMIZATION_LEVEL = "-Onone";
			};
			name = Debug;
		};
		8E318D7F29D573D5001596F3 /* Release */ = {
			isa = XCBuildConfiguration;
			buildSettings = {
				ALWAYS_SEARCH_USER_PATHS = NO;
				CLANG_ANALYZER_NONNULL = YES;
				CLANG_ANALYZER_NUMBER_OBJECT_CONVERSION = YES_AGGRESSIVE;
				CLANG_CXX_LANGUAGE_STANDARD = "gnu++20";
				CLANG_ENABLE_MODULES = YES;
				CLANG_ENABLE_OBJC_ARC = YES;
				CLANG_ENABLE_OBJC_WEAK = YES;
				CLANG_WARN_BLOCK_CAPTURE_AUTORELEASING = YES;
				CLANG_WARN_BOOL_CONVERSION = YES;
				CLANG_WARN_COMMA = YES;
				CLANG_WARN_CONSTANT_CONVERSION = YES;
				CLANG_WARN_DEPRECATED_OBJC_IMPLEMENTATIONS = YES;
				CLANG_WARN_DIRECT_OBJC_ISA_USAGE = YES_ERROR;
				CLANG_WARN_DOCUMENTATION_COMMENTS = YES;
				CLANG_WARN_EMPTY_BODY = YES;
				CLANG_WARN_ENUM_CONVERSION = YES;
				CLANG_WARN_INFINITE_RECURSION = YES;
				CLANG_WARN_INT_CONVERSION = YES;
				CLANG_WARN_NON_LITERAL_NULL_CONVERSION = YES;
				CLANG_WARN_OBJC_IMPLICIT_RETAIN_SELF = YES;
				CLANG_WARN_OBJC_LITERAL_CONVERSION = YES;
				CLANG_WARN_OBJC_ROOT_CLASS = YES_ERROR;
				CLANG_WARN_QUOTED_INCLUDE_IN_FRAMEWORK_HEADER = YES;
				CLANG_WARN_RANGE_LOOP_ANALYSIS = YES;
				CLANG_WARN_STRICT_PROTOTYPES = YES;
				CLANG_WARN_SUSPICIOUS_MOVE = YES;
				CLANG_WARN_UNGUARDED_AVAILABILITY = YES_AGGRESSIVE;
				CLANG_WARN_UNREACHABLE_CODE = YES;
				CLANG_WARN__DUPLICATE_METHOD_MATCH = YES;
				COPY_PHASE_STRIP = NO;
				DEBUG_INFORMATION_FORMAT = "dwarf-with-dsym";
				ENABLE_NS_ASSERTIONS = NO;
				ENABLE_STRICT_OBJC_MSGSEND = YES;
				GCC_C_LANGUAGE_STANDARD = gnu11;
				GCC_NO_COMMON_BLOCKS = YES;
				GCC_WARN_64_TO_32_BIT_CONVERSION = YES;
				GCC_WARN_ABOUT_RETURN_TYPE = YES_ERROR;
				GCC_WARN_UNDECLARED_SELECTOR = YES;
				GCC_WARN_UNINITIALIZED_AUTOS = YES_AGGRESSIVE;
				GCC_WARN_UNUSED_FUNCTION = YES;
				GCC_WARN_UNUSED_VARIABLE = YES;
				IPHONEOS_DEPLOYMENT_TARGET = 16.2;
				MTL_ENABLE_DEBUG_INFO = NO;
				MTL_FAST_MATH = YES;
				SDKROOT = iphoneos;
				SWIFT_COMPILATION_MODE = wholemodule;
				SWIFT_OPTIMIZATION_LEVEL = "-O";
				VALIDATE_PRODUCT = YES;
			};
			name = Release;
		};
		8E318D8129D573D5001596F3 /* Debug */ = {
			isa = XCBuildConfiguration;
			baseConfigurationReference = 217DD8A8123CE75AC7257A41 /* Pods-ZegoCloudSDKDemo.debug.xcconfig */;
			buildSettings = {
				ASSETCATALOG_COMPILER_APPICON_NAME = AppIcon;
				ASSETCATALOG_COMPILER_GLOBAL_ACCENT_COLOR_NAME = AccentColor;
				CODE_SIGN_STYLE = Automatic;
				CURRENT_PROJECT_VERSION = 1;
				DEVELOPMENT_TEAM = PN83KX5U85;
				GENERATE_INFOPLIST_FILE = YES;
				INFOPLIST_FILE = ZegoCloudSDKDemo/Info.plist;
				INFOPLIST_KEY_NSCameraUsageDescription = "We need to use your camera to help you join the live interaction.";
				INFOPLIST_KEY_NSMicrophoneUsageDescription = "We need to use your mic to help you join the live interaction.";
				INFOPLIST_KEY_UIApplicationSupportsIndirectInputEvents = YES;
				INFOPLIST_KEY_UILaunchStoryboardName = LaunchScreen;
				INFOPLIST_KEY_UIMainStoryboardFile = Main;
				INFOPLIST_KEY_UISupportedInterfaceOrientations_iPad = "UIInterfaceOrientationPortrait UIInterfaceOrientationPortraitUpsideDown UIInterfaceOrientationLandscapeLeft UIInterfaceOrientationLandscapeRight";
				INFOPLIST_KEY_UISupportedInterfaceOrientations_iPhone = "UIInterfaceOrientationPortrait UIInterfaceOrientationLandscapeLeft UIInterfaceOrientationLandscapeRight";
				IPHONEOS_DEPLOYMENT_TARGET = 14.0;
				LD_RUNPATH_SEARCH_PATHS = (
					"$(inherited)",
					"@executable_path/Frameworks",
				);
				MARKETING_VERSION = 1.0;
				PRODUCT_BUNDLE_IDENTIFIER = com.zegocloud.livestreaming.cohosting;
				PRODUCT_NAME = "$(TARGET_NAME)";
				SWIFT_EMIT_LOC_STRINGS = YES;
				SWIFT_VERSION = 5.0;
				TARGETED_DEVICE_FAMILY = "1,2";
			};
			name = Debug;
		};
		8E318D8229D573D5001596F3 /* Release */ = {
			isa = XCBuildConfiguration;
			baseConfigurationReference = CA01A53C3134C4F88285341E /* Pods-ZegoCloudSDKDemo.release.xcconfig */;
			buildSettings = {
				ASSETCATALOG_COMPILER_APPICON_NAME = AppIcon;
				ASSETCATALOG_COMPILER_GLOBAL_ACCENT_COLOR_NAME = AccentColor;
				CODE_SIGN_STYLE = Automatic;
				CURRENT_PROJECT_VERSION = 1;
				DEVELOPMENT_TEAM = PN83KX5U85;
				GENERATE_INFOPLIST_FILE = YES;
				INFOPLIST_FILE = ZegoCloudSDKDemo/Info.plist;
				INFOPLIST_KEY_NSCameraUsageDescription = "We need to use your camera to help you join the live interaction.";
				INFOPLIST_KEY_NSMicrophoneUsageDescription = "We need to use your mic to help you join the live interaction.";
				INFOPLIST_KEY_UIApplicationSupportsIndirectInputEvents = YES;
				INFOPLIST_KEY_UILaunchStoryboardName = LaunchScreen;
				INFOPLIST_KEY_UIMainStoryboardFile = Main;
				INFOPLIST_KEY_UISupportedInterfaceOrientations_iPad = "UIInterfaceOrientationPortrait UIInterfaceOrientationPortraitUpsideDown UIInterfaceOrientationLandscapeLeft UIInterfaceOrientationLandscapeRight";
				INFOPLIST_KEY_UISupportedInterfaceOrientations_iPhone = "UIInterfaceOrientationPortrait UIInterfaceOrientationLandscapeLeft UIInterfaceOrientationLandscapeRight";
				IPHONEOS_DEPLOYMENT_TARGET = 14.0;
				LD_RUNPATH_SEARCH_PATHS = (
					"$(inherited)",
					"@executable_path/Frameworks",
				);
				MARKETING_VERSION = 1.0;
				PRODUCT_BUNDLE_IDENTIFIER = com.zegocloud.livestreaming.cohosting;
				PRODUCT_NAME = "$(TARGET_NAME)";
				SWIFT_EMIT_LOC_STRINGS = YES;
				SWIFT_VERSION = 5.0;
				TARGETED_DEVICE_FAMILY = "1,2";
			};
			name = Release;
		};
/* End XCBuildConfiguration section */

/* Begin XCConfigurationList section */
		8E318D6729D573D4001596F3 /* Build configuration list for PBXProject "ZegoCloudSDKDemo" */ = {
			isa = XCConfigurationList;
			buildConfigurations = (
				8E318D7E29D573D5001596F3 /* Debug */,
				8E318D7F29D573D5001596F3 /* Release */,
			);
			defaultConfigurationIsVisible = 0;
			defaultConfigurationName = Release;
		};
		8E318D8029D573D5001596F3 /* Build configuration list for PBXNativeTarget "ZegoCloudSDKDemo" */ = {
			isa = XCConfigurationList;
			buildConfigurations = (
				8E318D8129D573D5001596F3 /* Debug */,
				8E318D8229D573D5001596F3 /* Release */,
			);
			defaultConfigurationIsVisible = 0;
			defaultConfigurationName = Release;
		};
/* End XCConfigurationList section */

/* Begin XCRemoteSwiftPackageReference section */
		8646971F2B5E470C008B3005 /* XCRemoteSwiftPackageReference "Toast-Swift" */ = {
			isa = XCRemoteSwiftPackageReference;
			repositoryURL = "https://github.com/scalessec/Toast-Swift";
			requirement = {
				kind = upToNextMajorVersion;
				minimumVersion = 5.1.0;
			};
		};
		864697222B5E472C008B3005 /* XCRemoteSwiftPackageReference "express-video-ios" */ = {
			isa = XCRemoteSwiftPackageReference;
			repositoryURL = "https://github.com/zegolibrary/express-video-ios";
			requirement = {
				branch = main;
				kind = branch;
			};
		};
		864697252B5E474A008B3005 /* XCRemoteSwiftPackageReference "zim-ios" */ = {
			isa = XCRemoteSwiftPackageReference;
			repositoryURL = "https://github.com/zegolibrary/zim-ios";
			requirement = {
				branch = main;
				kind = branch;
			};
		};
/* End XCRemoteSwiftPackageReference section */

/* Begin XCSwiftPackageProductDependency section */
		864697202B5E470C008B3005 /* Toast */ = {
			isa = XCSwiftPackageProductDependency;
			package = 8646971F2B5E470C008B3005 /* XCRemoteSwiftPackageReference "Toast-Swift" */;
			productName = Toast;
		};
		864697232B5E472C008B3005 /* ZegoExpressEngine */ = {
			isa = XCSwiftPackageProductDependency;
			package = 864697222B5E472C008B3005 /* XCRemoteSwiftPackageReference "express-video-ios" */;
			productName = ZegoExpressEngine;
		};
		864697262B5E474A008B3005 /* ZIM */ = {
			isa = XCSwiftPackageProductDependency;
			package = 864697252B5E474A008B3005 /* XCRemoteSwiftPackageReference "zim-ios" */;
			productName = ZIM;
		};
/* End XCSwiftPackageProductDependency section */
	};
	rootObject = 8E318D6429D573D4001596F3 /* Project object */;
}
